
Microsoft Visual Studio Solution File, Format Version 12.00
# Visual Studio Version 17
VisualStudioVersion = 17.6.33829.357
MinimumVisualStudioVersion = 10.0.40219.1
Project("{9A19103F-16F7-4668-BE54-9A1E7A4F7556}") = "StudentHelper.Services", "StudentHelper.Services\StudentHelper.Services.csproj", "{2F060F38-03DF-4C4D-AC52-E7C4BDB5E38E}"
EndProject
Project("{FAE04EC0-301F-11D3-BF4B-00C04F79EFBC}") = "StudentHelper.TelegramBot", "StudentHelper.TelegramBot\StudentHelper.TelegramBot.csproj", "{E05B8716-DAF3-4ECF-B040-31030A298A7D}"
EndProject
Global
	GlobalSection(SolutionConfigurationPlatforms) = preSolution
		Debug|Any CPU = Debug|Any CPU
		Debug|x64 = Debug|x64
		Debug|x86 = Debug|x86
		Release|Any CPU = Release|Any CPU
		Release|x64 = Release|x64
		Release|x86 = Release|x86
	EndGlobalSection
	GlobalSection(ProjectConfigurationPlatforms) = postSolution
		{2F060F38-03DF-4C4D-AC52-E7C4BDB5E38E}.Debug|Any CPU.ActiveCfg = Debug|Any CPU
		{2F060F38-03DF-4C4D-AC52-E7C4BDB5E38E}.Debug|Any CPU.Build.0 = Debug|Any CPU
		{2F060F38-03DF-4C4D-AC52-E7C4BDB5E38E}.Debug|x64.ActiveCfg = Debug|Any CPU
		{2F060F38-03DF-4C4D-AC52-E7C4BDB5E38E}.Debug|x64.Build.0 = Debug|Any CPU
		{2F060F38-03DF-4C4D-AC52-E7C4BDB5E38E}.Debug|x86.ActiveCfg = Debug|Any CPU
		{2F060F38-03DF-4C4D-AC52-E7C4BDB5E38E}.Debug|x86.Build.0 = Debug|Any CPU
		{2F060F38-03DF-4C4D-AC52-E7C4BDB5E38E}.Release|Any CPU.ActiveCfg = Release|Any CPU
		{2F060F38-03DF-4C4D-AC52-E7C4BDB5E38E}.Release|Any CPU.Build.0 = Release|Any CPU
		{2F060F38-03DF-4C4D-AC52-E7C4BDB5E38E}.Release|x64.ActiveCfg = Release|Any CPU
		{2F060F38-03DF-4C4D-AC52-E7C4BDB5E38E}.Release|x64.Build.0 = Release|Any CPU
		{2F060F38-03DF-4C4D-AC52-E7C4BDB5E38E}.Release|x86.ActiveCfg = Release|Any CPU
		{2F060F38-03DF-4C4D-AC52-E7C4BDB5E38E}.Release|x86.Build.0 = Release|Any CPU
		{E05B8716-DAF3-4ECF-B040-31030A298A7D}.Debug|Any CPU.ActiveCfg = Debug|Any CPU
		{E05B8716-DAF3-4ECF-B040-31030A298A7D}.Debug|Any CPU.Build.0 = Debug|Any CPU
		{E05B8716-DAF3-4ECF-B040-31030A298A7D}.Debug|x64.ActiveCfg = Debug|Any CPU
		{E05B8716-DAF3-4ECF-B040-31030A298A7D}.Debug|x64.Build.0 = Debug|Any CPU
		{E05B8716-DAF3-4ECF-B040-31030A298A7D}.Debug|x86.ActiveCfg = Debug|Any CPU
		{E05B8716-DAF3-4ECF-B040-31030A298A7D}.Debug|x86.Build.0 = Debug|Any CPU
		{E05B8716-DAF3-4ECF-B040-31030A298A7D}.Release|Any CPU.ActiveCfg = Release|Any CPU
		{E05B8716-DAF3-4ECF-B040-31030A298A7D}.Release|Any CPU.Build.0 = Release|Any CPU
		{E05B8716-DAF3-4ECF-B040-31030A298A7D}.Release|x64.ActiveCfg = Release|Any CPU
		{E05B8716-DAF3-4ECF-B040-31030A298A7D}.Release|x64.Build.0 = Release|Any CPU
		{E05B8716-DAF3-4ECF-B040-31030A298A7D}.Release|x86.ActiveCfg = Release|Any CPU
		{E05B8716-DAF3-4ECF-B040-31030A298A7D}.Release|x86.Build.0 = Release|Any CPU
	EndGlobalSection
	GlobalSection(SolutionProperties) = preSolution
		HideSolutionNode = FALSE
	EndGlobalSection
	GlobalSection(ExtensibilityGlobals) = postSolution
		SolutionGuid = {F13888D8-18C0-45FC-9EA7-F764736B8DC7}
	EndGlobalSection
EndGlobal
